
Microsoft Visual Studio Solution File, Format Version 12.00
# Visual Studio 15
VisualStudioVersion = 15.0.28010.2026
MinimumVisualStudioVersion = 10.0.40219.1
Project("{FAE04EC0-301F-11D3-BF4B-00C04F79EFBC}") = "WoodGrain", "WoodGrain\WoodGrain.csproj", "{05D85989-A84E-4CF0-94E2-80ECDEDD4616}"
EndProject
Global
	GlobalSection(SolutionConfigurationPlatforms) = preSolution
		Debug|Any CPU = Debug|Any CPU
		Release|Any CPU = Release|Any CPU
	EndGlobalSection
	GlobalSection(ProjectConfigurationPlatforms) = postSolution
		{05D85989-A84E-4CF0-94E2-80ECDEDD4616}.Debug|Any CPU.ActiveCfg = Debug|Any CPU
		{05D85989-A84E-4CF0-94E2-80ECDEDD4616}.Debug|Any CPU.Build.0 = Debug|Any CPU
		{05D85989-A84E-4CF0-94E2-80ECDEDD4616}.Release|Any CPU.ActiveCfg = Release|Any CPU
		{05D85989-A84E-4CF0-94E2-80ECDEDD4616}.Release|Any CPU.Build.0 = Release|Any CPU
	EndGlobalSection
	GlobalSection(SolutionProperties) = preSolution
		HideSolutionNode = FALSE
	EndGlobalSection
	GlobalSection(ExtensibilityGlobals) = postSolution
		SolutionGuid = {7D9509A4-D6DF-4354-B32E-807A6969C479}
	EndGlobalSection
EndGlobal
